
Microsoft Visual Studio Solution File, Format Version 12.00
# Visual Studio Version 16
VisualStudioVersion = 16.0.31410.357
MinimumVisualStudioVersion = 10.0.40219.1
Project("{8BC9CEB8-8B4A-11D0-8D11-00A0C91BC942}") = "PZ_2_Z_I", "PZ_2_Z_I\PZ_2_Z_I.vcxproj", "{7363D3FC-9169-432E-B868-F9A5B3ECFDE2}"
EndProject
Global
	GlobalSection(SolutionConfigurationPlatforms) = preSolution
		Debug|x64 = Debug|x64
		Debug|x86 = Debug|x86
		Release|x64 = Release|x64
		Release|x86 = Release|x86
	EndGlobalSection
	GlobalSection(ProjectConfigurationPlatforms) = postSolution
		{7363D3FC-9169-432E-B868-F9A5B3ECFDE2}.Debug|x64.ActiveCfg = Debug|x64
		{7363D3FC-9169-432E-B868-F9A5B3ECFDE2}.Debug|x64.Build.0 = Debug|x64
		{7363D3FC-9169-432E-B868-F9A5B3ECFDE2}.Debug|x86.ActiveCfg = Debug|Win32
		{7363D3FC-9169-432E-B868-F9A5B3ECFDE2}.Debug|x86.Build.0 = Debug|Win32
		{7363D3FC-9169-432E-B868-F9A5B3ECFDE2}.Release|x64.ActiveCfg = Release|x64
		{7363D3FC-9169-432E-B868-F9A5B3ECFDE2}.Release|x64.Build.0 = Release|x64
		{7363D3FC-9169-432E-B868-F9A5B3ECFDE2}.Release|x86.ActiveCfg = Release|Win32
		{7363D3FC-9169-432E-B868-F9A5B3ECFDE2}.Release|x86.Build.0 = Release|Win32
	EndGlobalSection
	GlobalSection(SolutionProperties) = preSolution
		HideSolutionNode = FALSE
	EndGlobalSection
	GlobalSection(ExtensibilityGlobals) = postSolution
		SolutionGuid = {CF595FFF-C809-4C73-BFE4-21E49529796E}
	EndGlobalSection
EndGlobal
